
Microsoft Visual Studio Solution File, Format Version 12.00
Project("{FAE04EC0-301F-11D3-BF4B-00C04F79EFBC}") = "ZetaTradingTechTaskAPI", "ZetaTradingTechTaskAPI\ZetaTradingTechTaskAPI.csproj", "{C8F0E377-0706-41D0-BEA3-04F8C8C24CE9}"
EndProject
Project("{FAE04EC0-301F-11D3-BF4B-00C04F79EFBC}") = "ZetaTradingTechTaskData", "ZetaTradingTechTaskData\ZetaTradingTechTaskData.csproj", "{AB629453-4DB1-497F-A9E3-18B1E4530092}"
EndProject
Project("{FAE04EC0-301F-11D3-BF4B-00C04F79EFBC}") = "ZetaTradingTechTaskService", "ZetaTradingTechTaskService\ZetaTradingTechTaskService.csproj", "{9993E24E-B2DB-4F89-A7CF-6628FE840FC9}"
EndProject
Global
	GlobalSection(SolutionConfigurationPlatforms) = preSolution
		Debug|Any CPU = Debug|Any CPU
		Release|Any CPU = Release|Any CPU
	EndGlobalSection
	GlobalSection(ProjectConfigurationPlatforms) = postSolution
		{C8F0E377-0706-41D0-BEA3-04F8C8C24CE9}.Debug|Any CPU.ActiveCfg = Debug|Any CPU
		{C8F0E377-0706-41D0-BEA3-04F8C8C24CE9}.Debug|Any CPU.Build.0 = Debug|Any CPU
		{C8F0E377-0706-41D0-BEA3-04F8C8C24CE9}.Release|Any CPU.ActiveCfg = Release|Any CPU
		{C8F0E377-0706-41D0-BEA3-04F8C8C24CE9}.Release|Any CPU.Build.0 = Release|Any CPU
		{AB629453-4DB1-497F-A9E3-18B1E4530092}.Debug|Any CPU.ActiveCfg = Debug|Any CPU
		{AB629453-4DB1-497F-A9E3-18B1E4530092}.Debug|Any CPU.Build.0 = Debug|Any CPU
		{AB629453-4DB1-497F-A9E3-18B1E4530092}.Release|Any CPU.ActiveCfg = Release|Any CPU
		{AB629453-4DB1-497F-A9E3-18B1E4530092}.Release|Any CPU.Build.0 = Release|Any CPU
		{9993E24E-B2DB-4F89-A7CF-6628FE840FC9}.Debug|Any CPU.ActiveCfg = Debug|Any CPU
		{9993E24E-B2DB-4F89-A7CF-6628FE840FC9}.Debug|Any CPU.Build.0 = Debug|Any CPU
		{9993E24E-B2DB-4F89-A7CF-6628FE840FC9}.Release|Any CPU.ActiveCfg = Release|Any CPU
		{9993E24E-B2DB-4F89-A7CF-6628FE840FC9}.Release|Any CPU.Build.0 = Release|Any CPU
	EndGlobalSection
EndGlobal
